<?xml version="1.0" encoding="utf-8"?>
<Project ToolsVersion="4.0" xmlns="http://schemas.microsoft.com/developer/msbuild/2003">
  <ItemGroup>
    <Filter Include="ソース ファイル">
      <UniqueIdentifier>{4FC737F1-C7A5-4376-A066-2A32D752A2FF}</UniqueIdentifier>
      <Extensions>cpp;c;cc;cxx;c++;cppm;ixx;def;odl;idl;hpj;bat;asm;asmx</Extensions>
    </Filter>
    <Filter Include="ヘッダー ファイル">
      <UniqueIdentifier>{93995380-89BD-4b04-88EB-625FBE52EBFB}</UniqueIdentifier>
      <Extensions>h;hh;hpp;hxx;h++;hm;inl;inc;ipp;xsd</Extensions>
    </Filter>
    <Filter Include="リソース ファイル">
      <UniqueIdentifier>{67DA6AB6-F800-4c08-8B7A-83BB121AAD01}</UniqueIdentifier>
      <Extensions>rc;ico;cur;bmp;dlg;rc2;rct;bin;rgs;gif;jpg;jpeg;jpe;resx;tiff;tif;png;wav;mfcribbon-ms</Extensions>
    </Filter>
    <Filter Include="NiUI">
      <UniqueIdentifier>{344f19be-d96f-4824-b7fa-e251f8bd2248}</UniqueIdentifier>
    </Filter>
    <Filter Include="NiUI\Math">
      <UniqueIdentifier>{6ea7fd46-c530-4bd2-a94f-f1c433566ad7}</UniqueIdentifier>
    </Filter>
    <Filter Include="NiUI\Input">
      <UniqueIdentifier>{eecdb033-f978-4c58-83f4-f644a3c1e309}</UniqueIdentifier>
    </Filter>
    <Filter Include="NiUI\Interface">
      <UniqueIdentifier>{53d175c0-5fcd-431c-a7c5-b736f277efc3}</UniqueIdentifier>
    </Filter>
    <Filter Include="NiUI\Type">
      <UniqueIdentifier>{968f9e6c-5edc-46d2-85c9-93fe08c38614}</UniqueIdentifier>
    </Filter>
    <Filter Include="NiUI\Derived">
      <UniqueIdentifier>{704d2649-6cdf-4e01-a4d9-5ee12955b7fe}</UniqueIdentifier>
    </Filter>
  </ItemGroup>
  <ItemGroup>
    <ClCompile Include="MyGame.cpp">
      <Filter>ソース ファイル</Filter>
    </ClCompile>
    <ClCompile Include="SceneFactory.cpp">
      <Filter>ソース ファイル</Filter>
    </ClCompile>
    <ClCompile Include="TitleScene.cpp">
      <Filter>ソース ファイル</Filter>
    </ClCompile>
    <ClCompile Include="main.cpp" />
    <ClCompile Include="GameScene.cpp">
      <Filter>ソース ファイル</Filter>
    </ClCompile>
    <ClCompile Include="Player.cpp">
      <Filter>ソース ファイル</Filter>
    </ClCompile>
    <ClCompile Include="FollowCamera.cpp">
      <Filter>ソース ファイル</Filter>
    </ClCompile>
    <ClCompile Include="NiUI\NiUI.cpp">
      <Filter>NiUI</Filter>
    </ClCompile>
    <ClCompile Include="NiUI\Interface\NiUI_IDrawer.cpp">
      <Filter>NiUI\Interface</Filter>
    </ClCompile>
    <ClCompile Include="NiUI\NiUI_Input.cpp">
      <Filter>NiUI\Input</Filter>
    </ClCompile>
    <ClCompile Include="NiUI\Math\NiVec2.cpp">
      <Filter>NiUI\Math</Filter>
    </ClCompile>
    <ClCompile Include="NiUI\Derived\Drawer.cpp">
      <Filter>NiUI\Derived</Filter>
    </ClCompile>
  </ItemGroup>
  <ItemGroup>
    <ClInclude Include="MyGame.h">
      <Filter>ヘッダー ファイル</Filter>
    </ClInclude>
    <ClInclude Include="SceneFactory.h">
      <Filter>ヘッダー ファイル</Filter>
    </ClInclude>
    <ClInclude Include="TitleScene.h">
      <Filter>ヘッダー ファイル</Filter>
    </ClInclude>
    <ClInclude Include="GameScene.h">
      <Filter>ヘッダー ファイル</Filter>
    </ClInclude>
    <ClInclude Include="Player.h">
      <Filter>ヘッダー ファイル</Filter>
    </ClInclude>
    <ClInclude Include="FollowCamera.h">
      <Filter>ヘッダー ファイル</Filter>
    </ClInclude>
    <ClInclude Include="NiUI\NiUI.h">
      <Filter>NiUI</Filter>
    </ClInclude>
    <ClInclude Include="NiUI\Type\NiUI_ComponentData.h">
      <Filter>NiUI\Type</Filter>
    </ClInclude>
    <ClInclude Include="NiUI\Type\NiUI_Enum.h">
      <Filter>NiUI\Type</Filter>
    </ClInclude>
    <ClInclude Include="NiUI\Interface\NiUI_IDrawer.h">
      <Filter>NiUI\Interface</Filter>
    </ClInclude>
    <ClInclude Include="NiUI\NiUI_Input.h">
      <Filter>NiUI\Input</Filter>
    </ClInclude>
    <ClInclude Include="NiUI\Math\NiVec2.h">
      <Filter>NiUI\Math</Filter>
    </ClInclude>
    <ClInclude Include="NiUI\Derived\Drawer.h">
      <Filter>NiUI\Derived</Filter>
    </ClInclude>
  </ItemGroup>
</Project>