<?xml version="1.0" encoding="utf-8"?>
<Project ToolsVersion="4.0" xmlns="http://schemas.microsoft.com/developer/msbuild/2003">
  <ItemGroup>
    <ClCompile Include="Collider.cpp" />
    <ClCompile Include="CollisionManager.cpp" />
    <ClCompile Include="DeltaTimeManager\DeltaTimeManager.cpp" />
    <ClCompile Include="Enemy.cpp" />
    <ClCompile Include="FollowCamera.cpp" />
    <ClCompile Include="GameScene.cpp" />
    <ClCompile Include="GameUI\LvUP\GUI_LvUP.cpp" />
    <ClCompile Include="main.cpp" />
    <ClCompile Include="MyGame.cpp" />
    <ClCompile Include="NiUI\Derived\Drawer.cpp" />
    <ClCompile Include="NiUI\Derived\NiUI_Debug.cpp" />
    <ClCompile Include="NiUI\Derived\ProcHandler.cpp" />
    <ClCompile Include="NiUI\Interface\NiUI_IDrawer.cpp" />
    <ClCompile Include="NiUI\Math\NiVec2.cpp" />
    <ClCompile Include="NiUI\NiUI.cpp" />
    <ClCompile Include="NiUI\NiUI_Input.cpp" />
    <ClCompile Include="Player.cpp" />
    <ClCompile Include="SceneFactory.cpp" />
    <ClCompile Include="SingletonFinalizer.cpp" />
    <ClCompile Include="TitleScene.cpp" />
    <ClCompile Include="Boss.cpp" />
  </ItemGroup>
  <ItemGroup>
    <ClInclude Include="Enemy.h" />
    <ClInclude Include="Collider.h" />
    <ClInclude Include="CollisionManager.h" />
    <ClInclude Include="FollowCamera.h" />
    <ClInclude Include="MyGame.h" />
    <ClInclude Include="NiUI\Derived\NiUI_Debug.h" />
    <ClInclude Include="NiUI\Interface\NiUI_IDebug.h" />
    <ClInclude Include="NiUI\Type\NiUI_Core_Type.h" />
    <ClInclude Include="Object.h" />
    <ClInclude Include="DeltaTimeManager\DeltaTimeManager.h" />
    <ClInclude Include="GameScene.h" />
    <ClInclude Include="GameUI\LvUP\GUI_LvUP.h" />
    <ClInclude Include="Interfaces\IObserver.h" />
    <ClInclude Include="NiUI\Derived\Drawer.h" />
    <ClInclude Include="NiUI\Derived\ProcHandler.h" />
    <ClInclude Include="NiUI\Interface\NiUI_IDrawer.h" />
    <ClInclude Include="NiUI\Math\NiVec2.h" />
    <ClInclude Include="NiUI\NiUI.h" />
    <ClInclude Include="NiUI\NiUI_Input.h" />
    <ClInclude Include="NiUI\Type\NiUI_ComponentData.h" />
    <ClInclude Include="NiUI\Type\NiUI_Enum.h" />
    <ClInclude Include="Player.h" />
    <ClInclude Include="SceneFactory.h" />
    <ClInclude Include="Singleton.h" />
    <ClInclude Include="SingletonFinalizer.h" />
    <ClInclude Include="TitleScene.h" />
    <ClInclude Include="Boss.h" />
  </ItemGroup>
</Project>