<?xml version="1.0" encoding="utf-8"?>
<Project ToolsVersion="4.0" xmlns="http://schemas.microsoft.com/developer/msbuild/2003">
  <ItemGroup>
    <Filter Include="リソース ファイル">
      <UniqueIdentifier>{67DA6AB6-F800-4c08-8B7A-83BB121AAD01}</UniqueIdentifier>
      <Extensions>rc;ico;cur;bmp;dlg;rc2;rct;bin;rgs;gif;jpg;jpeg;jpe;resx;tiff;tif;png;wav;mfcribbon-ms</Extensions>
    </Filter>
    <Filter Include="MyGame">
      <UniqueIdentifier>{60520dc7-409e-4a32-a37a-2419a6e465c7}</UniqueIdentifier>
    </Filter>
    <Filter Include="Scene">
      <UniqueIdentifier>{6d267460-858b-4c80-8359-b440dd875bf9}</UniqueIdentifier>
    </Filter>
    <Filter Include="GameSystem">
      <UniqueIdentifier>{aa991427-bf28-4b43-b4df-4ebf171ee836}</UniqueIdentifier>
    </Filter>
    <Filter Include="GameSystem\FollowCamera">
      <UniqueIdentifier>{cd32d73f-14f0-4ccc-8d51-76b53ff090b4}</UniqueIdentifier>
    </Filter>
    <Filter Include="Scene\ConcreteSceneFactory">
      <UniqueIdentifier>{3da580e9-00df-4608-980b-2b98884a15c3}</UniqueIdentifier>
    </Filter>
    <Filter Include="Object">
      <UniqueIdentifier>{036e23fc-c5a8-4166-919a-aacea8f2249d}</UniqueIdentifier>
    </Filter>
    <Filter Include="Object\Player">
      <UniqueIdentifier>{4bb56d39-90b3-4d7b-99c8-553ffbfd5511}</UniqueIdentifier>
    </Filter>
    <Filter Include="GameUI">
      <UniqueIdentifier>{9a0f21eb-8949-4e73-a570-f3fc2ef34baf}</UniqueIdentifier>
    </Filter>
    <Filter Include="GameUI\HUD">
      <UniqueIdentifier>{6be891c2-2bad-4594-b634-07ddb2277ee8}</UniqueIdentifier>
    </Filter>
    <Filter Include="GameUI\LvUP">
      <UniqueIdentifier>{b7442bcd-0dc0-4732-8979-dc039d385d6d}</UniqueIdentifier>
    </Filter>
    <Filter Include="Interface">
      <UniqueIdentifier>{ce930390-efe0-4603-96d9-9a6e83349ada}</UniqueIdentifier>
    </Filter>
    <Filter Include="Utility">
      <UniqueIdentifier>{06268caa-1c1f-4bb9-9718-07cb3f03bc70}</UniqueIdentifier>
    </Filter>
    <Filter Include="Utility\Timer">
      <UniqueIdentifier>{84cc20f4-17b7-4c84-a730-ae94ffa2cb28}</UniqueIdentifier>
    </Filter>
    <Filter Include="Object\Boss">
      <UniqueIdentifier>{9d2a67d2-0c0c-43f2-9012-9d663b6820d9}</UniqueIdentifier>
    </Filter>
    <Filter Include="Object\Bullets">
      <UniqueIdentifier>{055f0f61-8fed-437d-a63d-397177037383}</UniqueIdentifier>
    </Filter>
    <Filter Include="Object\Weapons">
      <UniqueIdentifier>{efe50125-f3dc-4977-a4f0-2d965ccfca74}</UniqueIdentifier>
    </Filter>
    <Filter Include="GameSystem\Collision">
      <UniqueIdentifier>{549b4036-6036-462a-9e16-c81b96ee9001}</UniqueIdentifier>
    </Filter>
    <Filter Include="Object\Enemy">
      <UniqueIdentifier>{abb3b82a-2dc0-4dcc-8a58-8a05aafcf25a}</UniqueIdentifier>
    </Filter>
    <Filter Include="Type">
      <UniqueIdentifier>{793b80ad-0ce8-49ec-b5a5-4f9cdd4aaed9}</UniqueIdentifier>
    </Filter>
    <Filter Include="Internal">
      <UniqueIdentifier>{81eeabda-5b66-497e-8d82-c872072fabb5}</UniqueIdentifier>
    </Filter>
    <Filter Include="Object\Terrain">
      <UniqueIdentifier>{d2dfb195-363f-4891-82cd-a5ff9e05ae2f}</UniqueIdentifier>
    </Filter>
    <Filter Include="GameUI\PauseMenu">
      <UniqueIdentifier>{67ea3658-01a4-4d55-a176-2693e1dbe180}</UniqueIdentifier>
    </Filter>
    <Filter Include="GameSystem\StageManager">
      <UniqueIdentifier>{71841bad-5f8b-4759-8c8b-5b612f343dad}</UniqueIdentifier>
    </Filter>
    <Filter Include="GameSystem\DeltaTimeManager">
      <UniqueIdentifier>{ef59b76f-0256-417b-918b-f78dda01e8ac}</UniqueIdentifier>
    </Filter>
    <Filter Include="GameUI\Chain">
      <UniqueIdentifier>{a7116316-41be-4eed-af7c-d3520105b73c}</UniqueIdentifier>
    </Filter>
    <Filter Include="NiGui">
      <UniqueIdentifier>{344f19be-d96f-4824-b7fa-e251f8bd2248}</UniqueIdentifier>
    </Filter>
    <Filter Include="NiGui\Derived">
      <UniqueIdentifier>{704d2649-6cdf-4e01-a4d9-5ee12955b7fe}</UniqueIdentifier>
    </Filter>
    <Filter Include="Utility\EventTimer">
      <UniqueIdentifier>{f8fde37a-04d8-40d6-9eb2-a6b6de5465d2}</UniqueIdentifier>
    </Filter>
    <Filter Include="Object\Castle">
      <UniqueIdentifier>{6706a06e-dab1-4ab0-8021-1c3ce0cba9b4}</UniqueIdentifier>
    </Filter>
    <Filter Include="GameSystem\TimeKeeper">
      <UniqueIdentifier>{7166de4f-27ad-4b8d-95f5-6bb8fc8ecb72}</UniqueIdentifier>
    </Filter>
    <Filter Include="GameSystem\Chain">
      <UniqueIdentifier>{2b3a8871-3895-4fca-aec8-10ccd7362de9}</UniqueIdentifier>
    </Filter>
    <Filter Include="GameSystem\ChainViewModel">
      <UniqueIdentifier>{cab2fd0a-6921-4304-abaf-aeea7652fa79}</UniqueIdentifier>
    </Filter>
    <Filter Include="GameSystem\GameController">
      <UniqueIdentifier>{59779506-533d-4d2c-8ce9-49847b50bae6}</UniqueIdentifier>
    </Filter>
    <Filter Include="Utility\Threadpool">
      <UniqueIdentifier>{11f26345-4c8a-4324-b7c8-15d45c1d0458}</UniqueIdentifier>
    </Filter>
    <Filter Include="Utility\Ease">
      <UniqueIdentifier>{eb9f2190-7ad2-48e2-8c38-373ccb84bc3b}</UniqueIdentifier>
    </Filter>
    <Filter Include="GameSystem\EnemyManager">
      <UniqueIdentifier>{6886778b-22b2-43b3-9bfa-bcbf50d4e02f}</UniqueIdentifier>
    </Filter>
    <Filter Include="Status">
      <UniqueIdentifier>{48ec105d-f01c-4482-888b-81ee240b3891}</UniqueIdentifier>
    </Filter>
  </ItemGroup>
  <ItemGroup>
    <ClCompile Include="main.cpp" />
    <ClCompile Include="GameScene\Object\Player\Player.cpp">
      <Filter>Object\Player</Filter>
    </ClCompile>
    <ClCompile Include="GameScene\GameScene.cpp">
      <Filter>Scene</Filter>
    </ClCompile>
    <ClCompile Include="GameScene\Object\Camera\FollowCamera.cpp">
      <Filter>GameSystem\FollowCamera</Filter>
    </ClCompile>
    <ClCompile Include="GameUI\LvUP\GUI_LvUP.cpp">
      <Filter>GameUI\LvUP</Filter>
    </ClCompile>
    <ClCompile Include="Timer\Timer.cpp">
      <Filter>Utility\Timer</Filter>
    </ClCompile>
    <ClCompile Include="GameScene\Object\Enemy\Boss.cpp">
      <Filter>Object\Boss</Filter>
    </ClCompile>
    <ClCompile Include="GameScene\Object\Collision\Collider.cpp">
      <Filter>GameSystem\Collision</Filter>
    </ClCompile>
    <ClCompile Include="GameScene\Object\Enemy\Enemy.cpp">
      <Filter>Object\Enemy</Filter>
    </ClCompile>
    <ClCompile Include="GameScene\Object\Collision\CollisionManager.cpp">
      <Filter>GameSystem\Collision</Filter>
    </ClCompile>
    <ClCompile Include="GameScene\HUD\Minimap.cpp">
      <Filter>GameUI\HUD</Filter>
    </ClCompile>
    <ClCompile Include="GameScene\Object\Bullets\BulletFactory.cpp">
      <Filter>Object\Bullets</Filter>
    </ClCompile>
    <ClCompile Include="GameScene\Object\Bullets\Rocket\RocketBullet.cpp">
      <Filter>Object\Bullets</Filter>
    </ClCompile>
    <ClCompile Include="GameScene\Object\Weapon\RocketLauncher\RocketLauncher.cpp">
      <Filter>Object\Weapons</Filter>
    </ClCompile>
    <ClCompile Include="GameScene\Object\Weapon\Weapon.cpp">
      <Filter>Object\Weapons</Filter>
    </ClCompile>
    <ClCompile Include="Internal\SingletonFinalizer.cpp">
      <Filter>Internal</Filter>
    </ClCompile>
    <ClCompile Include="TitleScene\TitleScene.cpp">
      <Filter>Scene</Filter>
    </ClCompile>
    <ClCompile Include="Factory\SceneFactory.cpp">
      <Filter>Scene\ConcreteSceneFactory</Filter>
    </ClCompile>
    <ClCompile Include="MyGame\MyGame.cpp">
      <Filter>MyGame</Filter>
    </ClCompile>
    <ClCompile Include="GameScene\Object\Bullets\Assault\AssaultBullet.cpp">
      <Filter>Object\Bullets</Filter>
    </ClCompile>
    <ClCompile Include="GameScene\Object\Bullets\Assault\Impl_AssaultBullet.cpp">
      <Filter>Object\Bullets</Filter>
    </ClCompile>
    <ClCompile Include="GameScene\Object\Terrain\Terrain.cpp">
      <Filter>Object\Terrain</Filter>
    </ClCompile>
    <ClCompile Include="GameScene\Object\Bullets\BulletBase.cpp">
      <Filter>Object\Bullets</Filter>
    </ClCompile>
    <ClCompile Include="GameSystem\DeltaTimeManager\DeltaTimeManager.cpp">
      <Filter>GameSystem\DeltaTimeManager</Filter>
    </ClCompile>
    <ClCompile Include="GameSystem\StageManager\StageManager.cpp">
      <Filter>GameSystem\StageManager</Filter>
    </ClCompile>
    <ClCompile Include="GameScene\Object\Object.cpp">
      <Filter>Object</Filter>
    </ClCompile>
    <ClCompile Include="GameUI\Chain\GUI_Chain.cpp">
      <Filter>GameUI\Chain</Filter>
    </ClCompile>
    <ClCompile Include="GameUI\PauseMenu\GUI_PauseMenu.cpp">
      <Filter>GameUI\PauseMenu</Filter>
    </ClCompile>
    <ClCompile Include="NiGui\Derived\Drawer.cpp">
      <Filter>NiGui\Derived</Filter>
    </ClCompile>
    <ClCompile Include="NiGui\Derived\NiGui_Debug.cpp">
      <Filter>NiGui\Derived</Filter>
    </ClCompile>
    <ClCompile Include="NiGui\Derived\ProcHandler.cpp">
      <Filter>NiGui\Derived</Filter>
    </ClCompile>
    <ClCompile Include="EventTimer\EventTimer.cpp">
      <Filter>Utility\EventTimer</Filter>
    </ClCompile>
    <ClCompile Include="GameScene\Object\Castle\Castle.cpp">
      <Filter>Object\Castle</Filter>
    </ClCompile>
    <ClCompile Include="GameSystem\Chain\Chain.cpp">
      <Filter>GameSystem\Chain</Filter>
    </ClCompile>
    <ClCompile Include="GameSystem\ChainViewModel\ChainViewModel.cpp">
      <Filter>GameSystem\ChainViewModel</Filter>
    </ClCompile>
    <ClCompile Include="GameSystem\GameController\GameController.cpp">
      <Filter>GameSystem\GameController</Filter>
    </ClCompile>
    <ClCompile Include="GameScene\Object\Weapon\WeaponFactory.cpp">
      <Filter>Object\Weapons</Filter>
    </ClCompile>
    <ClCompile Include="GameSystem\TimeKeeper\TimeKeeper.cpp">
      <Filter>GameSystem\TimeKeeper</Filter>
    </ClCompile>
    <ClCompile Include="Utility\Threadpool\Threadpool.cpp">
      <Filter>Utility\Threadpool</Filter>
    </ClCompile>
    <ClCompile Include="GameScene\Object\Collision\LimitedCollider.cpp">
      <Filter>GameSystem\Collision</Filter>
    </ClCompile>
    <ClCompile Include="Ease\Ease.cpp">
      <Filter>Utility\Ease</Filter>
    </ClCompile>
    <ClCompile Include="GameScene\Object\Weapon\AssaultRifle\AssaultRifle.cpp">
      <Filter>Object\Weapons</Filter>
    </ClCompile>
    <ClCompile Include="GameScene\Object\Enemy\EnemyManager.cpp">
      <Filter>GameSystem\EnemyManager</Filter>
    </ClCompile>
    <ClCompile Include="GameScene\Object\Bullets\SubmachineGun\ImplSubmachineGunBullet.cpp">
      <Filter>Object\Bullets</Filter>
    </ClCompile>
    <ClCompile Include="GameScene\Object\Bullets\SubmachineGun\MachineGunBullet.cpp">
      <Filter>Object\Bullets</Filter>
    </ClCompile>
    <ClCompile Include="GameScene\Object\Weapon\SMG\SMG.cpp">
      <Filter>Object\Weapons</Filter>
    </ClCompile>
    <ClCompile Include="GameScene\Status\Status.cpp">
      <Filter>Status</Filter>
    </ClCompile>
    <ClCompile Include="GameScene\Object\Enemy\FlyEnemy.cpp">
      <Filter>Object\Enemy</Filter>
    </ClCompile>
  </ItemGroup>
  <ItemGroup>
    <ClInclude Include="GameScene\Object\Player\Player.h">
      <Filter>Object\Player</Filter>
    </ClInclude>
    <ClInclude Include="GameScene\GameScene.h">
      <Filter>Scene</Filter>
    </ClInclude>
    <ClInclude Include="GameScene\Object\Camera\FollowCamera.h">
      <Filter>GameSystem\FollowCamera</Filter>
    </ClInclude>
    <ClInclude Include="GameUI\LvUP\GUI_LvUP.h">
      <Filter>GameUI\LvUP</Filter>
    </ClInclude>
    <ClInclude Include="Interfaces\IObserver.h">
      <Filter>Interface</Filter>
    </ClInclude>
    <ClInclude Include="Timer\Timer.h">
      <Filter>Utility\Timer</Filter>
    </ClInclude>
    <ClInclude Include="GameScene\Object\Enemy\Boss.h">
      <Filter>Object\Boss</Filter>
    </ClInclude>
    <ClInclude Include="GameScene\Object\Collision\Collider.h">
      <Filter>GameSystem\Collision</Filter>
    </ClInclude>
    <ClInclude Include="GameScene\Object\Enemy\Enemy.h">
      <Filter>Object\Enemy</Filter>
    </ClInclude>
    <ClInclude Include="GameScene\Object\Collision\CollisionManager.h">
      <Filter>GameSystem\Collision</Filter>
    </ClInclude>
    <ClInclude Include="GameScene\Object\Object.h">
      <Filter>Object</Filter>
    </ClInclude>
    <ClInclude Include="GameScene\HUD\Minimap.h">
      <Filter>GameUI\HUD</Filter>
    </ClInclude>
    <ClInclude Include="Type\Singleton.h">
      <Filter>Type</Filter>
    </ClInclude>
    <ClInclude Include="GameScene\Object\Bullets\BulletFactory.h">
      <Filter>Object\Bullets</Filter>
    </ClInclude>
    <ClInclude Include="GameScene\Object\Bullets\Rocket\RocketBullet.h">
      <Filter>Object\Bullets</Filter>
    </ClInclude>
    <ClInclude Include="GameScene\Object\Weapon\RocketLauncher\RocketLauncher.h">
      <Filter>Object\Weapons</Filter>
    </ClInclude>
    <ClInclude Include="GameScene\Object\Weapon\Weapon.h">
      <Filter>Object\Weapons</Filter>
    </ClInclude>
    <ClInclude Include="Internal\SingletonFinalizer.h">
      <Filter>Internal</Filter>
    </ClInclude>
    <ClInclude Include="TitleScene\TitleScene.h">
      <Filter>Scene</Filter>
    </ClInclude>
    <ClInclude Include="Factory\SceneFactory.h">
      <Filter>Scene\ConcreteSceneFactory</Filter>
    </ClInclude>
    <ClInclude Include="MyGame\MyGame.h">
      <Filter>MyGame</Filter>
    </ClInclude>
    <ClInclude Include="GameScene\Object\Terrain\Terrain.h">
      <Filter>Object\Terrain</Filter>
    </ClInclude>
    <ClInclude Include="GameScene\Object\Bullets\Assault\AssaultBullet.h">
      <Filter>Object\Bullets</Filter>
    </ClInclude>
    <ClInclude Include="Type\WeaponType.h">
      <Filter>Object\Weapons</Filter>
    </ClInclude>
    <ClInclude Include="GameUI\PauseMenu\GUI_PauseMenu.h">
      <Filter>GameUI\PauseMenu</Filter>
    </ClInclude>
    <ClInclude Include="GameScene\Object\Bullets\BulletBase.h">
      <Filter>Object\Bullets</Filter>
    </ClInclude>
    <ClInclude Include="GameSystem\StageManager\StageManager.h">
      <Filter>GameSystem\StageManager</Filter>
    </ClInclude>
    <ClInclude Include="GameSystem\DeltaTimeManager\DeltaTimeManager.h">
      <Filter>GameSystem\DeltaTimeManager</Filter>
    </ClInclude>
    <ClInclude Include="GameUI\Chain\GUI_Chain.h">
      <Filter>GameUI\Chain</Filter>
    </ClInclude>
    <ClInclude Include="NiGui\Derived\Drawer.h">
      <Filter>NiGui\Derived</Filter>
    </ClInclude>
    <ClInclude Include="NiGui\Derived\NiGui_Debug.h">
      <Filter>NiGui\Derived</Filter>
    </ClInclude>
    <ClInclude Include="NiGui\Derived\ProcHandler.h">
      <Filter>NiGui\Derived</Filter>
    </ClInclude>
    <ClInclude Include="EventTimer\EventTimer.h">
      <Filter>Utility\EventTimer</Filter>
    </ClInclude>
    <ClInclude Include="GameScene\Object\Castle\Castle.h">
      <Filter>Object\Castle</Filter>
    </ClInclude>
    <ClInclude Include="GameSystem\TimeKeeper\TimeKeeper.h">
      <Filter>GameSystem\TimeKeeper</Filter>
    </ClInclude>
    <ClInclude Include="GameSystem\ChainViewModel\ChainViewModel.h">
      <Filter>GameSystem\ChainViewModel</Filter>
    </ClInclude>
    <ClInclude Include="GameSystem\Chain\Chain.h">
      <Filter>GameSystem\Chain</Filter>
    </ClInclude>
    <ClInclude Include="GameSystem\GameController\GameController.h">
      <Filter>GameSystem\GameController</Filter>
    </ClInclude>
    <ClInclude Include="GameScene\Object\Weapon\WeaponFactory.h">
      <Filter>Object\Weapons</Filter>
    </ClInclude>
    <ClInclude Include="Utility\Threadpool\Threadpool.h">
      <Filter>Utility\Threadpool</Filter>
    </ClInclude>
    <ClInclude Include="GameScene\Object\Collision\LimitedCollider.h">
      <Filter>GameSystem\Collision</Filter>
    </ClInclude>
    <ClInclude Include="Ease\Ease.h">
      <Filter>Utility\Ease</Filter>
    </ClInclude>
    <ClInclude Include="GameScene\Object\Weapon\AssaultRifle\AssaultRifle.h">
      <Filter>Object\Weapons</Filter>
    </ClInclude>
    <ClInclude Include="GameScene\Object\Enemy\EnemyManager.h">
      <Filter>GameSystem\EnemyManager</Filter>
    </ClInclude>
    <ClInclude Include="GameScene\Object\Bullets\SubmachineGun\MachineGunBullet.h">
      <Filter>Object\Bullets</Filter>
    </ClInclude>
    <ClInclude Include="GameScene\Object\Weapon\SMG\SMG.h">
      <Filter>Object\Weapons</Filter>
    </ClInclude>
    <ClInclude Include="GameScene\Status\Status.h">
      <Filter>Status</Filter>
    </ClInclude>
    <ClInclude Include="GameScene\Object\Enemy\EnemyBase.h">
      <Filter>Object\Enemy</Filter>
    </ClInclude>
    <ClInclude Include="GameScene\Object\Enemy\FlyEnemy.h">
      <Filter>Object\Enemy</Filter>
    </ClInclude>
  </ItemGroup>
</Project>